
Microsoft Visual Studio Solution File, Format Version 12.00
# Visual Studio Version 16
VisualStudioVersion = 16.0.30204.135
MinimumVisualStudioVersion = 10.0.40219.1
Project("{FAE04EC0-301F-11D3-BF4B-00C04F79EFBC}") = "XTCClassTime", "XTCClassTime\XTCClassTime.csproj", "{1DC0A52D-28D8-4E94-B596-D87B2FC77451}"
EndProject
Global
	GlobalSection(SolutionConfigurationPlatforms) = preSolution
		Debug|Any CPU = Debug|Any CPU
		Profile|Any CPU = Profile|Any CPU
		Release|Any CPU = Release|Any CPU
	EndGlobalSection
	GlobalSection(ProjectConfigurationPlatforms) = postSolution
		{1DC0A52D-28D8-4E94-B596-D87B2FC77451}.Debug|Any CPU.ActiveCfg = Debug|Any CPU
		{1DC0A52D-28D8-4E94-B596-D87B2FC77451}.Debug|Any CPU.Build.0 = Debug|Any CPU
		{1DC0A52D-28D8-4E94-B596-D87B2FC77451}.Debug|Any CPU.Deploy.0 = Debug|Any CPU
		{1DC0A52D-28D8-4E94-B596-D87B2FC77451}.Profile|Any CPU.ActiveCfg = Profile|Any CPU
		{1DC0A52D-28D8-4E94-B596-D87B2FC77451}.Profile|Any CPU.Build.0 = Profile|Any CPU
		{1DC0A52D-28D8-4E94-B596-D87B2FC77451}.Profile|Any CPU.Deploy.0 = Profile|Any CPU
		{1DC0A52D-28D8-4E94-B596-D87B2FC77451}.Release|Any CPU.ActiveCfg = Release|Any CPU
		{1DC0A52D-28D8-4E94-B596-D87B2FC77451}.Release|Any CPU.Build.0 = Release|Any CPU
		{1DC0A52D-28D8-4E94-B596-D87B2FC77451}.Release|Any CPU.Deploy.0 = Release|Any CPU
	EndGlobalSection
	GlobalSection(SolutionProperties) = preSolution
		HideSolutionNode = FALSE
	EndGlobalSection
	GlobalSection(ExtensibilityGlobals) = postSolution
		SolutionGuid = {DCF8FBEA-459F-4C97-8C23-DB04F3C13211}
	EndGlobalSection
EndGlobal
